
Microsoft Visual Studio Solution File, Format Version 12.00
Project("{FAE04EC0-301F-11D3-BF4B-00C04F79EFBC}") = "Ai.WPF", "Ai.WPF\Ai.WPF.csproj", "{5E2954AF-1A2E-4E93-B091-B0C950B6516D}"
EndProject
Global
	GlobalSection(SolutionConfigurationPlatforms) = preSolution
		Debug|Any CPU = Debug|Any CPU
		Release|Any CPU = Release|Any CPU
	EndGlobalSection
	GlobalSection(ProjectConfigurationPlatforms) = postSolution
		{5E2954AF-1A2E-4E93-B091-B0C950B6516D}.Debug|Any CPU.ActiveCfg = Debug|Any CPU
		{5E2954AF-1A2E-4E93-B091-B0C950B6516D}.Debug|Any CPU.Build.0 = Debug|Any CPU
		{5E2954AF-1A2E-4E93-B091-B0C950B6516D}.Release|Any CPU.ActiveCfg = Release|Any CPU
		{5E2954AF-1A2E-4E93-B091-B0C950B6516D}.Release|Any CPU.Build.0 = Release|Any CPU
	EndGlobalSection
EndGlobal
